
Microsoft Visual Studio Solution File, Format Version 12.00
# Visual Studio Version 16
VisualStudioVersion = 16.0.30804.86
MinimumVisualStudioVersion = 10.0.40219.1
Project("{FAE04EC0-301F-11D3-BF4B-00C04F79EFBC}") = "Genx.Web", "Genx.Web\Genx.Web.csproj", "{96E9934C-139B-48B6-B1FF-CEFBF8AF861E}"
EndProject
Project("{FAE04EC0-301F-11D3-BF4B-00C04F79EFBC}") = "GenxAPI", "GenxAPI\GenxAPI.csproj", "{840E28D7-4D64-4821-B468-92C39F2D6D92}"
EndProject
Global
	GlobalSection(SolutionConfigurationPlatforms) = preSolution
		Debug|Any CPU = Debug|Any CPU
		Release|Any CPU = Release|Any CPU
	EndGlobalSection
	GlobalSection(ProjectConfigurationPlatforms) = postSolution
		{96E9934C-139B-48B6-B1FF-CEFBF8AF861E}.Debug|Any CPU.ActiveCfg = Debug|Any CPU
		{96E9934C-139B-48B6-B1FF-CEFBF8AF861E}.Debug|Any CPU.Build.0 = Debug|Any CPU
		{96E9934C-139B-48B6-B1FF-CEFBF8AF861E}.Release|Any CPU.ActiveCfg = Release|Any CPU
		{96E9934C-139B-48B6-B1FF-CEFBF8AF861E}.Release|Any CPU.Build.0 = Release|Any CPU
		{840E28D7-4D64-4821-B468-92C39F2D6D92}.Debug|Any CPU.ActiveCfg = Debug|Any CPU
		{840E28D7-4D64-4821-B468-92C39F2D6D92}.Debug|Any CPU.Build.0 = Debug|Any CPU
		{840E28D7-4D64-4821-B468-92C39F2D6D92}.Release|Any CPU.ActiveCfg = Release|Any CPU
		{840E28D7-4D64-4821-B468-92C39F2D6D92}.Release|Any CPU.Build.0 = Release|Any CPU
	EndGlobalSection
	GlobalSection(SolutionProperties) = preSolution
		HideSolutionNode = FALSE
	EndGlobalSection
	GlobalSection(ExtensibilityGlobals) = postSolution
		SolutionGuid = {A75B2E98-BA46-4FED-808A-4F338B5187E1}
	EndGlobalSection
EndGlobal
